
Microsoft Visual Studio Solution File, Format Version 12.00
# Visual Studio Version 17
VisualStudioVersion = 17.0.31903.59
MinimumVisualStudioVersion = 10.0.40219.1
Project("{FAE04EC0-301F-11D3-BF4B-00C04F79EFBC}") = "DevBridge.Api", "DevBridge.Api\DevBridge.Api.csproj", "{FCEAD42F-27BE-4B0C-9BE8-A4EC236F46EB}"
EndProject
Project("{FAE04EC0-301F-11D3-BF4B-00C04F79EFBC}") = "DevBridge.Tests", "DevBridge.Tests\DevBridge.Tests.csproj", "{5F23AAAE-D26E-4713-92AB-8893F2639413}"
EndProject
Global
	GlobalSection(SolutionConfigurationPlatforms) = preSolution
		Debug|Any CPU = Debug|Any CPU
		Release|Any CPU = Release|Any CPU
	EndGlobalSection
	GlobalSection(SolutionProperties) = preSolution
		HideSolutionNode = FALSE
	EndGlobalSection
	GlobalSection(ProjectConfigurationPlatforms) = postSolution
		{FCEAD42F-27BE-4B0C-9BE8-A4EC236F46EB}.Debug|Any CPU.ActiveCfg = Debug|Any CPU
		{FCEAD42F-27BE-4B0C-9BE8-A4EC236F46EB}.Debug|Any CPU.Build.0 = Debug|Any CPU
		{FCEAD42F-27BE-4B0C-9BE8-A4EC236F46EB}.Release|Any CPU.ActiveCfg = Release|Any CPU
		{FCEAD42F-27BE-4B0C-9BE8-A4EC236F46EB}.Release|Any CPU.Build.0 = Release|Any CPU
		{5F23AAAE-D26E-4713-92AB-8893F2639413}.Debug|Any CPU.ActiveCfg = Debug|Any CPU
		{5F23AAAE-D26E-4713-92AB-8893F2639413}.Debug|Any CPU.Build.0 = Debug|Any CPU
		{5F23AAAE-D26E-4713-92AB-8893F2639413}.Release|Any CPU.ActiveCfg = Release|Any CPU
		{5F23AAAE-D26E-4713-92AB-8893F2639413}.Release|Any CPU.Build.0 = Release|Any CPU
	EndGlobalSection
EndGlobal
