
Microsoft Visual Studio Solution File, Format Version 12.00
# Visual Studio Version 17
VisualStudioVersion = 17.0.31903.59
MinimumVisualStudioVersion = 10.0.40219.1
Project("{2150E333-8FDC-42A3-9474-1A3956D46DE8}") = "src", "src", "{0DF7D2A0-5D03-4732-9DCB-544247B41940}"
EndProject
Project("{FAE04EC0-301F-11D3-BF4B-00C04F79EFBC}") = "Maersk.DevBridge.Api", "src\Maersk.DevBridge.Api\Maersk.DevBridge.Api.csproj", "{8BF03B53-0D76-453F-B258-7A2C76761ED3}"
EndProject
Project("{2150E333-8FDC-42A3-9474-1A3956D46DE8}") = "test", "test", "{93BF01F1-5760-4817-858F-5C663AC5EF7C}"
EndProject
Project("{FAE04EC0-301F-11D3-BF4B-00C04F79EFBC}") = "Maersk.DevBridge.Api.Tests", "test\Maersk.DevBridge.Api.Tests\Maersk.DevBridge.Api.Tests.csproj", "{3F3DFF83-3E89-4AAB-811D-79D44878DFD4}"
EndProject
Global
	GlobalSection(SolutionConfigurationPlatforms) = preSolution
		Debug|Any CPU = Debug|Any CPU
		Release|Any CPU = Release|Any CPU
	EndGlobalSection
	GlobalSection(SolutionProperties) = preSolution
		HideSolutionNode = FALSE
	EndGlobalSection
	GlobalSection(ProjectConfigurationPlatforms) = postSolution
		{8BF03B53-0D76-453F-B258-7A2C76761ED3}.Debug|Any CPU.ActiveCfg = Debug|Any CPU
		{8BF03B53-0D76-453F-B258-7A2C76761ED3}.Debug|Any CPU.Build.0 = Debug|Any CPU
		{8BF03B53-0D76-453F-B258-7A2C76761ED3}.Release|Any CPU.ActiveCfg = Release|Any CPU
		{8BF03B53-0D76-453F-B258-7A2C76761ED3}.Release|Any CPU.Build.0 = Release|Any CPU
		{3F3DFF83-3E89-4AAB-811D-79D44878DFD4}.Debug|Any CPU.ActiveCfg = Debug|Any CPU
		{3F3DFF83-3E89-4AAB-811D-79D44878DFD4}.Debug|Any CPU.Build.0 = Debug|Any CPU
		{3F3DFF83-3E89-4AAB-811D-79D44878DFD4}.Release|Any CPU.ActiveCfg = Release|Any CPU
		{3F3DFF83-3E89-4AAB-811D-79D44878DFD4}.Release|Any CPU.Build.0 = Release|Any CPU
	EndGlobalSection
	GlobalSection(NestedProjects) = preSolution
		{8BF03B53-0D76-453F-B258-7A2C76761ED3} = {0DF7D2A0-5D03-4732-9DCB-544247B41940}
		{3F3DFF83-3E89-4AAB-811D-79D44878DFD4} = {93BF01F1-5760-4817-858F-5C663AC5EF7C}
	EndGlobalSection
EndGlobal
